
Microsoft Visual Studio Solution File, Format Version 12.00
# Visual Studio Version 17
VisualStudioVersion = 17.5.001.0
MinimumVisualStudioVersion = 10.0.40219.1
Project("{9A19103F-16F7-4668-BE54-9A1E7A4F7556}") = "inference-server", "inference-server.csproj", "{09BC6CE2-EB65-417C-99C8-9A6F1278B7CD}"
EndProject
Global
	GlobalSection(SolutionConfigurationPlatforms) = preSolution
		Debug|Any CPU = Debug|Any CPU
		Release|Any CPU = Release|Any CPU
	EndGlobalSection
	GlobalSection(ProjectConfigurationPlatforms) = postSolution
		{09BC6CE2-EB65-417C-99C8-9A6F1278B7CD}.Debug|Any CPU.ActiveCfg = Debug|Any CPU
		{09BC6CE2-EB65-417C-99C8-9A6F1278B7CD}.Debug|Any CPU.Build.0 = Debug|Any CPU
		{09BC6CE2-EB65-417C-99C8-9A6F1278B7CD}.Release|Any CPU.ActiveCfg = Release|Any CPU
		{09BC6CE2-EB65-417C-99C8-9A6F1278B7CD}.Release|Any CPU.Build.0 = Release|Any CPU
	EndGlobalSection
	GlobalSection(SolutionProperties) = preSolution
		HideSolutionNode = FALSE
	EndGlobalSection
	GlobalSection(ExtensibilityGlobals) = postSolution
		SolutionGuid = {6D6F3129-115F-46D3-B064-AD7785F1765F}
	EndGlobalSection
EndGlobal
